
Microsoft Visual Studio Solution File, Format Version 12.00
# Visual Studio Version 16
VisualStudioVersion = 16.0.31025.194
MinimumVisualStudioVersion = 10.0.40219.1
Project("{FAE04EC0-301F-11D3-BF4B-00C04F79EFBC}") = "BookingPlace.Api", "BookingPlace.Api\BookingPlace.Api.csproj", "{C33C2771-6313-4F8B-B4AC-237DE953D10B}"
EndProject
Global
	GlobalSection(SolutionConfigurationPlatforms) = preSolution
		Debug|Any CPU = Debug|Any CPU
		Release|Any CPU = Release|Any CPU
	EndGlobalSection
	GlobalSection(ProjectConfigurationPlatforms) = postSolution
		{C33C2771-6313-4F8B-B4AC-237DE953D10B}.Debug|Any CPU.ActiveCfg = Debug|Any CPU
		{C33C2771-6313-4F8B-B4AC-237DE953D10B}.Debug|Any CPU.Build.0 = Debug|Any CPU
		{C33C2771-6313-4F8B-B4AC-237DE953D10B}.Release|Any CPU.ActiveCfg = Release|Any CPU
		{C33C2771-6313-4F8B-B4AC-237DE953D10B}.Release|Any CPU.Build.0 = Release|Any CPU
	EndGlobalSection
	GlobalSection(SolutionProperties) = preSolution
		HideSolutionNode = FALSE
	EndGlobalSection
	GlobalSection(ExtensibilityGlobals) = postSolution
		SolutionGuid = {C9B3B11D-B372-4B12-8617-C277D0E783FE}
	EndGlobalSection
EndGlobal
